
Microsoft Visual Studio Solution File, Format Version 12.00
Project("{FAE04EC0-301F-11D3-BF4B-00C04F79EFBC}") = "SabaBot", "SabaBot\SabaBot.csproj", "{EE187C0F-8044-4473-891A-86C78E4BDBBF}"
EndProject
Global
	GlobalSection(SolutionConfigurationPlatforms) = preSolution
		Debug|Any CPU = Debug|Any CPU
		Release|Any CPU = Release|Any CPU
	EndGlobalSection
	GlobalSection(ProjectConfigurationPlatforms) = postSolution
		{EE187C0F-8044-4473-891A-86C78E4BDBBF}.Debug|Any CPU.ActiveCfg = Debug|Any CPU
		{EE187C0F-8044-4473-891A-86C78E4BDBBF}.Debug|Any CPU.Build.0 = Debug|Any CPU
		{EE187C0F-8044-4473-891A-86C78E4BDBBF}.Release|Any CPU.ActiveCfg = Release|Any CPU
		{EE187C0F-8044-4473-891A-86C78E4BDBBF}.Release|Any CPU.Build.0 = Release|Any CPU
	EndGlobalSection
EndGlobal
